{
  "name": "ornate-css-docs",
  "version": "1.0.0",
  "lockfileVersion": 1,
  "requires": true,
  "dependencies": {
    "ornate_css": {
      "version": "0.1.7",
      "resolved": "https://registry.npmjs.org/ornate_css/-/ornate_css-0.1.7.tgz",
      "integrity": "sha512-URRpAhiRw3kX/AD1g+0PxlfQ4uuqk7sSMh3i5Xiw8w/VDs5ymIaak5msLAm1PZ7lISKVzOvSRYV62nCKuYV4EQ=="
    }
  }
}
